# This file is autogenerated, do not edit; changes may be undone by the next 'dep ensure'.


[[projects]]
  branch = "master"
  name = "github.com/enjikaka/copernicus"
  packages = ["."]
  revision = "d729abaeebdc20df3e2a3106c2fa9e5b474e957a"

[solve-meta]
  analyzer-name = "dep"
  analyzer-version = 1
  inputs-digest = "3eb83b445af83d4c438ca47fd4ceb5f1beb28962f4a63f8ee178b40d33436f5c"
  solver-name = "gps-cdcl"
  solver-version = 1
